
Microsoft Visual Studio Solution File, Format Version 12.00
# Visual Studio Version 17
VisualStudioVersion = 17.3.32922.545
MinimumVisualStudioVersion = 10.0.40219.1
Project("{FAE04EC0-301F-11D3-BF4B-00C04F79EFBC}") = "WpfSandbox", "WpfSandbox\WpfSandbox.csproj", "{35CE46E1-DDF9-438A-B25E-E69CA506338C}"
EndProject
Global
	GlobalSection(SolutionConfigurationPlatforms) = preSolution
		Debug|Any CPU = Debug|Any CPU
		Release|Any CPU = Release|Any CPU
	EndGlobalSection
	GlobalSection(ProjectConfigurationPlatforms) = postSolution
		{35CE46E1-DDF9-438A-B25E-E69CA506338C}.Debug|Any CPU.ActiveCfg = Debug|Any CPU
		{35CE46E1-DDF9-438A-B25E-E69CA506338C}.Debug|Any CPU.Build.0 = Debug|Any CPU
		{35CE46E1-DDF9-438A-B25E-E69CA506338C}.Release|Any CPU.ActiveCfg = Release|Any CPU
		{35CE46E1-DDF9-438A-B25E-E69CA506338C}.Release|Any CPU.Build.0 = Release|Any CPU
	EndGlobalSection
	GlobalSection(SolutionProperties) = preSolution
		HideSolutionNode = FALSE
	EndGlobalSection
	GlobalSection(ExtensibilityGlobals) = postSolution
		SolutionGuid = {D24BE6AC-3C10-4750-BB6D-BCB75EB2925D}
	EndGlobalSection
EndGlobal
